# This file is automatically @generated by Cargo.
# It is not intended for manual editing.
version = 3

[[package]]
name = "colorized"
version = "1.0.0"
source = "registry+https://github.com/rust-lang/crates.io-index"
checksum = "739281952453521b532f476b5f8b77c4b16d5ab2a248466c8dc153b3f85d6564"

[[package]]
name = "sun"
version = "0.6.0"
dependencies = [
 "colorized",
 "sun_core",
 "sun_lib",
]

[[package]]
name = "sun_core"
version = "0.4.0"
dependencies = [
 "colorized",
]

[[package]]
name = "sun_lib"
version = "0.2.2"
dependencies = [
 "sun_core",
]
